// !$*UTF8*$!
{
	archiveVersion = 1;
	classes = {
	};
	objectVersion = 56;
	objects = {

/* Begin PBXBuildFile section */
		CB14361A2A653F5300942DBF /* MapAnnotationApp.swift in Sources */ = {isa = PBXBuildFile; fileRef = CB1436192A653F5300942DBF /* MapAnnotationApp.swift */; };
		CB14361C2A653F5300942DBF /* ContentView.swift in Sources */ = {isa = PBXBuildFile; fileRef = CB14361B2A653F5300942DBF /* ContentView.swift */; };
		CB14361E2A653F5400942DBF /* Assets.xcassets in Resources */ = {isa = PBXBuildFile; fileRef = CB14361D2A653F5400942DBF /* Assets.xcassets */; };
		CB1436212A653F5400942DBF /* Preview Assets.xcassets in Resources */ = {isa = PBXBuildFile; fileRef = CB1436202A653F5400942DBF /* Preview Assets.xcassets */; };
		CB14362B2A653F5400942DBF /* MapAnnotationTests.swift in Sources */ = {isa = PBXBuildFile; fileRef = CB14362A2A653F5400942DBF /* MapAnnotationTests.swift */; };
		CB1436352A653F5400942DBF /* MapAnnotationUITests.swift in Sources */ = {isa = PBXBuildFile; fileRef = CB1436342A653F5400942DBF /* MapAnnotationUITests.swift */; };
		CB1436372A653F5400942DBF /* MapAnnotationUITestsLaunchTests.swift in Sources */ = {isa = PBXBuildFile; fileRef = CB1436362A653F5400942DBF /* MapAnnotationUITestsLaunchTests.swift */; };
		CB2C7D572A792D8400676D07 /* BlurView.swift in Sources */ = {isa = PBXBuildFile; fileRef = CB2C7D562A792D8400676D07 /* BlurView.swift */; };
		CB2C7D592A792EB500676D07 /* Timezones.swift in Sources */ = {isa = PBXBuildFile; fileRef = CB2C7D582A792EB500676D07 /* Timezones.swift */; };
		CB9737F92A655009004833A5 /* StatusView.swift in Sources */ = {isa = PBXBuildFile; fileRef = CB9737F82A655009004833A5 /* StatusView.swift */; };
		CB9737FC2A65A3EE004833A5 /* Colors.swift in Sources */ = {isa = PBXBuildFile; fileRef = CB9737FB2A65A3EE004833A5 /* Colors.swift */; };
		CB9737FE2A65A93B004833A5 /* Status.swift in Sources */ = {isa = PBXBuildFile; fileRef = CB9737FD2A65A93B004833A5 /* Status.swift */; };
		CB9738002A669EEF004833A5 /* Location.swift in Sources */ = {isa = PBXBuildFile; fileRef = CB9737FF2A669EEE004833A5 /* Location.swift */; };
		CB9738022A669F3E004833A5 /* MapView.swift in Sources */ = {isa = PBXBuildFile; fileRef = CB9738012A669F3E004833A5 /* MapView.swift */; };
		CB9738042A66A0C4004833A5 /* PrimaryButton.swift in Sources */ = {isa = PBXBuildFile; fileRef = CB9738032A66A0C4004833A5 /* PrimaryButton.swift */; };
		CB9738072A66BF34004833A5 /* ButtonStyles.swift in Sources */ = {isa = PBXBuildFile; fileRef = CB9738062A66BF34004833A5 /* ButtonStyles.swift */; };
		CB9738092A66C6D0004833A5 /* RowView.swift in Sources */ = {isa = PBXBuildFile; fileRef = CB9738082A66C6D0004833A5 /* RowView.swift */; };
/* End PBXBuildFile section */

/* Begin PBXContainerItemProxy section */
		CB1436272A653F5400942DBF /* PBXContainerItemProxy */ = {
			isa = PBXContainerItemProxy;
			containerPortal = CB14360E2A653F5300942DBF /* Project object */;
			proxyType = 1;
			remoteGlobalIDString = CB1436152A653F5300942DBF;
			remoteInfo = MapAnnotation;
		};
		CB1436312A653F5400942DBF /* PBXContainerItemProxy */ = {
			isa = PBXContainerItemProxy;
			containerPortal = CB14360E2A653F5300942DBF /* Project object */;
			proxyType = 1;
			remoteGlobalIDString = CB1436152A653F5300942DBF;
			remoteInfo = MapAnnotation;
		};
/* End PBXContainerItemProxy section */

/* Begin PBXFileReference section */
		CB1436162A653F5300942DBF /* MapAnnotation.app */ = {isa = PBXFileReference; explicitFileType = wrapper.application; includeInIndex = 0; path = MapAnnotation.app; sourceTree = BUILT_PRODUCTS_DIR; };
		CB1436192A653F5300942DBF /* MapAnnotationApp.swift */ = {isa = PBXFileReference; lastKnownFileType = sourcecode.swift; path = MapAnnotationApp.swift; sourceTree = "<group>"; };
		CB14361B2A653F5300942DBF /* ContentView.swift */ = {isa = PBXFileReference; lastKnownFileType = sourcecode.swift; path = ContentView.swift; sourceTree = "<group>"; };
		CB14361D2A653F5400942DBF /* Assets.xcassets */ = {isa = PBXFileReference; lastKnownFileType = folder.assetcatalog; path = Assets.xcassets; sourceTree = "<group>"; };
		CB1436202A653F5400942DBF /* Preview Assets.xcassets */ = {isa = PBXFileReference; lastKnownFileType = folder.assetcatalog; path = "Preview Assets.xcassets"; sourceTree = "<group>"; };
		CB1436262A653F5400942DBF /* MapAnnotationTests.xctest */ = {isa = PBXFileReference; explicitFileType = wrapper.cfbundle; includeInIndex = 0; path = MapAnnotationTests.xctest; sourceTree = BUILT_PRODUCTS_DIR; };
		CB14362A2A653F5400942DBF /* MapAnnotationTests.swift */ = {isa = PBXFileReference; lastKnownFileType = sourcecode.swift; path = MapAnnotationTests.swift; sourceTree = "<group>"; };
		CB1436302A653F5400942DBF /* MapAnnotationUITests.xctest */ = {isa = PBXFileReference; explicitFileType = wrapper.cfbundle; includeInIndex = 0; path = MapAnnotationUITests.xctest; sourceTree = BUILT_PRODUCTS_DIR; };
		CB1436342A653F5400942DBF /* MapAnnotationUITests.swift */ = {isa = PBXFileReference; lastKnownFileType = sourcecode.swift; path = MapAnnotationUITests.swift; sourceTree = "<group>"; };
		CB1436362A653F5400942DBF /* MapAnnotationUITestsLaunchTests.swift */ = {isa = PBXFileReference; lastKnownFileType = sourcecode.swift; path = MapAnnotationUITestsLaunchTests.swift; sourceTree = "<group>"; };
		CB2C7D562A792D8400676D07 /* BlurView.swift */ = {isa = PBXFileReference; lastKnownFileType = sourcecode.swift; path = BlurView.swift; sourceTree = "<group>"; };
		CB2C7D582A792EB500676D07 /* Timezones.swift */ = {isa = PBXFileReference; lastKnownFileType = sourcecode.swift; path = Timezones.swift; sourceTree = "<group>"; };
		CB9737F82A655009004833A5 /* StatusView.swift */ = {isa = PBXFileReference; lastKnownFileType = sourcecode.swift; path = StatusView.swift; sourceTree = "<group>"; };
		CB9737FB2A65A3EE004833A5 /* Colors.swift */ = {isa = PBXFileReference; lastKnownFileType = sourcecode.swift; path = Colors.swift; sourceTree = "<group>"; };
		CB9737FD2A65A93B004833A5 /* Status.swift */ = {isa = PBXFileReference; lastKnownFileType = sourcecode.swift; path = Status.swift; sourceTree = "<group>"; };
		CB9737FF2A669EEE004833A5 /* Location.swift */ = {isa = PBXFileReference; lastKnownFileType = sourcecode.swift; path = Location.swift; sourceTree = "<group>"; };
		CB9738012A669F3E004833A5 /* MapView.swift */ = {isa = PBXFileReference; lastKnownFileType = sourcecode.swift; path = MapView.swift; sourceTree = "<group>"; };
		CB9738032A66A0C4004833A5 /* PrimaryButton.swift */ = {isa = PBXFileReference; lastKnownFileType = sourcecode.swift; path = PrimaryButton.swift; sourceTree = "<group>"; };
		CB9738062A66BF34004833A5 /* ButtonStyles.swift */ = {isa = PBXFileReference; lastKnownFileType = sourcecode.swift; path = ButtonStyles.swift; sourceTree = "<group>"; };
		CB9738082A66C6D0004833A5 /* RowView.swift */ = {isa = PBXFileReference; lastKnownFileType = sourcecode.swift; path = RowView.swift; sourceTree = "<group>"; };
/* End PBXFileReference section */

/* Begin PBXFrameworksBuildPhase section */
		CB1436132A653F5300942DBF /* Frameworks */ = {
			isa = PBXFrameworksBuildPhase;
			buildActionMask = 2147483647;
			files = (
			);
			runOnlyForDeploymentPostprocessing = 0;
		};
		CB1436232A653F5400942DBF /* Frameworks */ = {
			isa = PBXFrameworksBuildPhase;
			buildActionMask = 2147483647;
			files = (
			);
			runOnlyForDeploymentPostprocessing = 0;
		};
		CB14362D2A653F5400942DBF /* Frameworks */ = {
			isa = PBXFrameworksBuildPhase;
			buildActionMask = 2147483647;
			files = (
			);
			runOnlyForDeploymentPostprocessing = 0;
		};
/* End PBXFrameworksBuildPhase section */

/* Begin PBXGroup section */
		CB14360D2A653F5300942DBF = {
			isa = PBXGroup;
			children = (
				CB1436182A653F5300942DBF /* MapAnnotation */,
				CB1436292A653F5400942DBF /* MapAnnotationTests */,
				CB1436332A653F5400942DBF /* MapAnnotationUITests */,
				CB1436172A653F5300942DBF /* Products */,
			);
			sourceTree = "<group>";
		};
		CB1436172A653F5300942DBF /* Products */ = {
			isa = PBXGroup;
			children = (
				CB1436162A653F5300942DBF /* MapAnnotation.app */,
				CB1436262A653F5400942DBF /* MapAnnotationTests.xctest */,
				CB1436302A653F5400942DBF /* MapAnnotationUITests.xctest */,
			);
			name = Products;
			sourceTree = "<group>";
		};
		CB1436182A653F5300942DBF /* MapAnnotation */ = {
			isa = PBXGroup;
			children = (
				CB9738052A66BF27004833A5 /* Styles */,
				CB9737FA2A65A3B0004833A5 /* Helpers */,
				CB9737F72A654FEF004833A5 /* Components */,
				CB1436192A653F5300942DBF /* MapAnnotationApp.swift */,
				CB14361B2A653F5300942DBF /* ContentView.swift */,
				CB14361D2A653F5400942DBF /* Assets.xcassets */,
				CB14361F2A653F5400942DBF /* Preview Content */,
			);
			path = MapAnnotation;
			sourceTree = "<group>";
		};
		CB14361F2A653F5400942DBF /* Preview Content */ = {
			isa = PBXGroup;
			children = (
				CB1436202A653F5400942DBF /* Preview Assets.xcassets */,
			);
			path = "Preview Content";
			sourceTree = "<group>";
		};
		CB1436292A653F5400942DBF /* MapAnnotationTests */ = {
			isa = PBXGroup;
			children = (
				CB14362A2A653F5400942DBF /* MapAnnotationTests.swift */,
			);
			path = MapAnnotationTests;
			sourceTree = "<group>";
		};
		CB1436332A653F5400942DBF /* MapAnnotationUITests */ = {
			isa = PBXGroup;
			children = (
				CB1436342A653F5400942DBF /* MapAnnotationUITests.swift */,
				CB1436362A653F5400942DBF /* MapAnnotationUITestsLaunchTests.swift */,
			);
			path = MapAnnotationUITests;
			sourceTree = "<group>";
		};
		CB9737F72A654FEF004833A5 /* Components */ = {
			isa = PBXGroup;
			children = (
				CB9737F82A655009004833A5 /* StatusView.swift */,
				CB9738012A669F3E004833A5 /* MapView.swift */,
				CB9738032A66A0C4004833A5 /* PrimaryButton.swift */,
				CB9738082A66C6D0004833A5 /* RowView.swift */,
				CB2C7D562A792D8400676D07 /* BlurView.swift */,
			);
			path = Components;
			sourceTree = "<group>";
		};
		CB9737FA2A65A3B0004833A5 /* Helpers */ = {
			isa = PBXGroup;
			children = (
				CB9737FB2A65A3EE004833A5 /* Colors.swift */,
				CB9737FD2A65A93B004833A5 /* Status.swift */,
				CB9737FF2A669EEE004833A5 /* Location.swift */,
				CB2C7D582A792EB500676D07 /* Timezones.swift */,
			);
			name = Helpers;
			sourceTree = "<group>";
		};
		CB9738052A66BF27004833A5 /* Styles */ = {
			isa = PBXGroup;
			children = (
				CB9738062A66BF34004833A5 /* ButtonStyles.swift */,
			);
			path = Styles;
			sourceTree = "<group>";
		};
/* End PBXGroup section */

/* Begin PBXNativeTarget section */
		CB1436152A653F5300942DBF /* MapAnnotation */ = {
			isa = PBXNativeTarget;
			buildConfigurationList = CB14363A2A653F5400942DBF /* Build configuration list for PBXNativeTarget "MapAnnotation" */;
			buildPhases = (
				CB1436122A653F5300942DBF /* Sources */,
				CB1436132A653F5300942DBF /* Frameworks */,
				CB1436142A653F5300942DBF /* Resources */,
			);
			buildRules = (
			);
			dependencies = (
			);
			name = MapAnnotation;
			productName = MapAnnotation;
			productReference = CB1436162A653F5300942DBF /* MapAnnotation.app */;
			productType = "com.apple.product-type.application";
		};
		CB1436252A653F5400942DBF /* MapAnnotationTests */ = {
			isa = PBXNativeTarget;
			buildConfigurationList = CB14363D2A653F5400942DBF /* Build configuration list for PBXNativeTarget "MapAnnotationTests" */;
			buildPhases = (
				CB1436222A653F5400942DBF /* Sources */,
				CB1436232A653F5400942DBF /* Frameworks */,
				CB1436242A653F5400942DBF /* Resources */,
			);
			buildRules = (
			);
			dependencies = (
				CB1436282A653F5400942DBF /* PBXTargetDependency */,
			);
			name = MapAnnotationTests;
			productName = MapAnnotationTests;
			productReference = CB1436262A653F5400942DBF /* MapAnnotationTests.xctest */;
			productType = "com.apple.product-type.bundle.unit-test";
		};
		CB14362F2A653F5400942DBF /* MapAnnotationUITests */ = {
			isa = PBXNativeTarget;
			buildConfigurationList = CB1436402A653F5400942DBF /* Build configuration list for PBXNativeTarget "MapAnnotationUITests" */;
			buildPhases = (
				CB14362C2A653F5400942DBF /* Sources */,
				CB14362D2A653F5400942DBF /* Frameworks */,
				CB14362E2A653F5400942DBF /* Resources */,
			);
			buildRules = (
			);
			dependencies = (
				CB1436322A653F5400942DBF /* PBXTargetDependency */,
			);
			name = MapAnnotationUITests;
			productName = MapAnnotationUITests;
			productReference = CB1436302A653F5400942DBF /* MapAnnotationUITests.xctest */;
			productType = "com.apple.product-type.bundle.ui-testing";
		};
/* End PBXNativeTarget section */

/* Begin PBXProject section */
		CB14360E2A653F5300942DBF /* Project object */ = {
			isa = PBXProject;
			attributes = {
				BuildIndependentTargetsInParallel = 1;
				LastSwiftUpdateCheck = 1430;
				LastUpgradeCheck = 1430;
				TargetAttributes = {
					CB1436152A653F5300942DBF = {
						CreatedOnToolsVersion = 14.3.1;
					};
					CB1436252A653F5400942DBF = {
						CreatedOnToolsVersion = 14.3.1;
						TestTargetID = CB1436152A653F5300942DBF;
					};
					CB14362F2A653F5400942DBF = {
						CreatedOnToolsVersion = 14.3.1;
						TestTargetID = CB1436152A653F5300942DBF;
					};
				};
			};
			buildConfigurationList = CB1436112A653F5300942DBF /* Build configuration list for PBXProject "MapAnnotation" */;
			compatibilityVersion = "Xcode 14.0";
			developmentRegion = en;
			hasScannedForEncodings = 0;
			knownRegions = (
				en,
				Base,
			);
			mainGroup = CB14360D2A653F5300942DBF;
			productRefGroup = CB1436172A653F5300942DBF /* Products */;
			projectDirPath = "";
			projectRoot = "";
			targets = (
				CB1436152A653F5300942DBF /* MapAnnotation */,
				CB1436252A653F5400942DBF /* MapAnnotationTests */,
				CB14362F2A653F5400942DBF /* MapAnnotationUITests */,
			);
		};
/* End PBXProject section */

/* Begin PBXResourcesBuildPhase section */
		CB1436142A653F5300942DBF /* Resources */ = {
			isa = PBXResourcesBuildPhase;
			buildActionMask = 2147483647;
			files = (
				CB1436212A653F5400942DBF /* Preview Assets.xcassets in Resources */,
				CB14361E2A653F5400942DBF /* Assets.xcassets in Resources */,
			);
			runOnlyForDeploymentPostprocessing = 0;
		};
		CB1436242A653F5400942DBF /* Resources */ = {
			isa = PBXResourcesBuildPhase;
			buildActionMask = 2147483647;
			files = (
			);
			runOnlyForDeploymentPostprocessing = 0;
		};
		CB14362E2A653F5400942DBF /* Resources */ = {
			isa = PBXResourcesBuildPhase;
			buildActionMask = 2147483647;
			files = (
			);
			runOnlyForDeploymentPostprocessing = 0;
		};
/* End PBXResourcesBuildPhase section */

/* Begin PBXSourcesBuildPhase section */
		CB1436122A653F5300942DBF /* Sources */ = {
			isa = PBXSourcesBuildPhase;
			buildActionMask = 2147483647;
			files = (
				CB9738022A669F3E004833A5 /* MapView.swift in Sources */,
				CB9738092A66C6D0004833A5 /* RowView.swift in Sources */,
				CB14361C2A653F5300942DBF /* ContentView.swift in Sources */,
				CB9737FE2A65A93B004833A5 /* Status.swift in Sources */,
				CB2C7D572A792D8400676D07 /* BlurView.swift in Sources */,
				CB9737FC2A65A3EE004833A5 /* Colors.swift in Sources */,
				CB9738072A66BF34004833A5 /* ButtonStyles.swift in Sources */,
				CB14361A2A653F5300942DBF /* MapAnnotationApp.swift in Sources */,
				CB2C7D592A792EB500676D07 /* Timezones.swift in Sources */,
				CB9738002A669EEF004833A5 /* Location.swift in Sources */,
				CB9738042A66A0C4004833A5 /* PrimaryButton.swift in Sources */,
				CB9737F92A655009004833A5 /* StatusView.swift in Sources */,
			);
			runOnlyForDeploymentPostprocessing = 0;
		};
		CB1436222A653F5400942DBF /* Sources */ = {
			isa = PBXSourcesBuildPhase;
			buildActionMask = 2147483647;
			files = (
				CB14362B2A653F5400942DBF /* MapAnnotationTests.swift in Sources */,
			);
			runOnlyForDeploymentPostprocessing = 0;
		};
		CB14362C2A653F5400942DBF /* Sources */ = {
			isa = PBXSourcesBuildPhase;
			buildActionMask = 2147483647;
			files = (
				CB1436372A653F5400942DBF /* MapAnnotationUITestsLaunchTests.swift in Sources */,
				CB1436352A653F5400942DBF /* MapAnnotationUITests.swift in Sources */,
			);
			runOnlyForDeploymentPostprocessing = 0;
		};
/* End PBXSourcesBuildPhase section */

/* Begin PBXTargetDependency section */
		CB1436282A653F5400942DBF /* PBXTargetDependency */ = {
			isa = PBXTargetDependency;
			target = CB1436152A653F5300942DBF /* MapAnnotation */;
			targetProxy = CB1436272A653F5400942DBF /* PBXContainerItemProxy */;
		};
		CB1436322A653F5400942DBF /* PBXTargetDependency */ = {
			isa = PBXTargetDependency;
			target = CB1436152A653F5300942DBF /* MapAnnotation */;
			targetProxy = CB1436312A653F5400942DBF /* PBXContainerItemProxy */;
		};
/* End PBXTargetDependency section */

/* Begin XCBuildConfiguration section */
		CB1436382A653F5400942DBF /* Debug */ = {
			isa = XCBuildConfiguration;
			buildSettings = {
				ALWAYS_SEARCH_USER_PATHS = NO;
				CLANG_ANALYZER_NONNULL = YES;
				CLANG_ANALYZER_NUMBER_OBJECT_CONVERSION = YES_AGGRESSIVE;
				CLANG_CXX_LANGUAGE_STANDARD = "gnu++20";
				CLANG_ENABLE_MODULES = YES;
				CLANG_ENABLE_OBJC_ARC = YES;
				CLANG_ENABLE_OBJC_WEAK = YES;
				CLANG_WARN_BLOCK_CAPTURE_AUTORELEASING = YES;
				CLANG_WARN_BOOL_CONVERSION = YES;
				CLANG_WARN_COMMA = YES;
				CLANG_WARN_CONSTANT_CONVERSION = YES;
				CLANG_WARN_DEPRECATED_OBJC_IMPLEMENTATIONS = YES;
				CLANG_WARN_DIRECT_OBJC_ISA_USAGE = YES_ERROR;
				CLANG_WARN_DOCUMENTATION_COMMENTS = YES;
				CLANG_WARN_EMPTY_BODY = YES;
				CLANG_WARN_ENUM_CONVERSION = YES;
				CLANG_WARN_INFINITE_RECURSION = YES;
				CLANG_WARN_INT_CONVERSION = YES;
				CLANG_WARN_NON_LITERAL_NULL_CONVERSION = YES;
				CLANG_WARN_OBJC_IMPLICIT_RETAIN_SELF = YES;
				CLANG_WARN_OBJC_LITERAL_CONVERSION = YES;
				CLANG_WARN_OBJC_ROOT_CLASS = YES_ERROR;
				CLANG_WARN_QUOTED_INCLUDE_IN_FRAMEWORK_HEADER = YES;
				CLANG_WARN_RANGE_LOOP_ANALYSIS = YES;
				CLANG_WARN_STRICT_PROTOTYPES = YES;
				CLANG_WARN_SUSPICIOUS_MOVE = YES;
				CLANG_WARN_UNGUARDED_AVAILABILITY = YES_AGGRESSIVE;
				CLANG_WARN_UNREACHABLE_CODE = YES;
				CLANG_WARN__DUPLICATE_METHOD_MATCH = YES;
				COPY_PHASE_STRIP = NO;
				DEBUG_INFORMATION_FORMAT = dwarf;
				ENABLE_STRICT_OBJC_MSGSEND = YES;
				ENABLE_TESTABILITY = YES;
				GCC_C_LANGUAGE_STANDARD = gnu11;
				GCC_DYNAMIC_NO_PIC = NO;
				GCC_NO_COMMON_BLOCKS = YES;
				GCC_OPTIMIZATION_LEVEL = 0;
				GCC_PREPROCESSOR_DEFINITIONS = (
					"DEBUG=1",
					"$(inherited)",
				);
				GCC_WARN_64_TO_32_BIT_CONVERSION = YES;
				GCC_WARN_ABOUT_RETURN_TYPE = YES_ERROR;
				GCC_WARN_UNDECLARED_SELECTOR = YES;
				GCC_WARN_UNINITIALIZED_AUTOS = YES_AGGRESSIVE;
				GCC_WARN_UNUSED_FUNCTION = YES;
				GCC_WARN_UNUSED_VARIABLE = YES;
				IPHONEOS_DEPLOYMENT_TARGET = 16.4;
				MTL_ENABLE_DEBUG_INFO = INCLUDE_SOURCE;
				MTL_FAST_MATH = YES;
				ONLY_ACTIVE_ARCH = YES;
				SDKROOT = iphoneos;
				SWIFT_ACTIVE_COMPILATION_CONDITIONS = DEBUG;
				SWIFT_OPTIMIZATION_LEVEL = "-Onone";
			};
			name = Debug;
		};
		CB1436392A653F5400942DBF /* Release */ = {
			isa = XCBuildConfiguration;
			buildSettings = {
				ALWAYS_SEARCH_USER_PATHS = NO;
				CLANG_ANALYZER_NONNULL = YES;
				CLANG_ANALYZER_NUMBER_OBJECT_CONVERSION = YES_AGGRESSIVE;
				CLANG_CXX_LANGUAGE_STANDARD = "gnu++20";
				CLANG_ENABLE_MODULES = YES;
				CLANG_ENABLE_OBJC_ARC = YES;
				CLANG_ENABLE_OBJC_WEAK = YES;
				CLANG_WARN_BLOCK_CAPTURE_AUTORELEASING = YES;
				CLANG_WARN_BOOL_CONVERSION = YES;
				CLANG_WARN_COMMA = YES;
				CLANG_WARN_CONSTANT_CONVERSION = YES;
				CLANG_WARN_DEPRECATED_OBJC_IMPLEMENTATIONS = YES;
				CLANG_WARN_DIRECT_OBJC_ISA_USAGE = YES_ERROR;
				CLANG_WARN_DOCUMENTATION_COMMENTS = YES;
				CLANG_WARN_EMPTY_BODY = YES;
				CLANG_WARN_ENUM_CONVERSION = YES;
				CLANG_WARN_INFINITE_RECURSION = YES;
				CLANG_WARN_INT_CONVERSION = YES;
				CLANG_WARN_NON_LITERAL_NULL_CONVERSION = YES;
				CLANG_WARN_OBJC_IMPLICIT_RETAIN_SELF = YES;
				CLANG_WARN_OBJC_LITERAL_CONVERSION = YES;
				CLANG_WARN_OBJC_ROOT_CLASS = YES_ERROR;
				CLANG_WARN_QUOTED_INCLUDE_IN_FRAMEWORK_HEADER = YES;
				CLANG_WARN_RANGE_LOOP_ANALYSIS = YES;
				CLANG_WARN_STRICT_PROTOTYPES = YES;
				CLANG_WARN_SUSPICIOUS_MOVE = YES;
				CLANG_WARN_UNGUARDED_AVAILABILITY = YES_AGGRESSIVE;
				CLANG_WARN_UNREACHABLE_CODE = YES;
				CLANG_WARN__DUPLICATE_METHOD_MATCH = YES;
				COPY_PHASE_STRIP = NO;
				DEBUG_INFORMATION_FORMAT = "dwarf-with-dsym";
				ENABLE_NS_ASSERTIONS = NO;
				ENABLE_STRICT_OBJC_MSGSEND = YES;
				GCC_C_LANGUAGE_STANDARD = gnu11;
				GCC_NO_COMMON_BLOCKS = YES;
				GCC_WARN_64_TO_32_BIT_CONVERSION = YES;
				GCC_WARN_ABOUT_RETURN_TYPE = YES_ERROR;
				GCC_WARN_UNDECLARED_SELECTOR = YES;
				GCC_WARN_UNINITIALIZED_AUTOS = YES_AGGRESSIVE;
				GCC_WARN_UNUSED_FUNCTION = YES;
				GCC_WARN_UNUSED_VARIABLE = YES;
				IPHONEOS_DEPLOYMENT_TARGET = 16.4;
				MTL_ENABLE_DEBUG_INFO = NO;
				MTL_FAST_MATH = YES;
				SDKROOT = iphoneos;
				SWIFT_COMPILATION_MODE = wholemodule;
				SWIFT_OPTIMIZATION_LEVEL = "-O";
				VALIDATE_PRODUCT = YES;
			};
			name = Release;
		};
		CB14363B2A653F5400942DBF /* Debug */ = {
			isa = XCBuildConfiguration;
			buildSettings = {
				ASSETCATALOG_COMPILER_APPICON_NAME = AppIcon;
				ASSETCATALOG_COMPILER_GLOBAL_ACCENT_COLOR_NAME = AccentColor;
				CODE_SIGN_STYLE = Automatic;
				CURRENT_PROJECT_VERSION = 1;
				DEVELOPMENT_ASSET_PATHS = "\"MapAnnotation/Preview Content\"";
				DEVELOPMENT_TEAM = 8GBYS572XW;
				ENABLE_PREVIEWS = YES;
				GENERATE_INFOPLIST_FILE = YES;
				INFOPLIST_KEY_UIApplicationSceneManifest_Generation = YES;
				INFOPLIST_KEY_UIApplicationSupportsIndirectInputEvents = YES;
				INFOPLIST_KEY_UILaunchScreen_Generation = YES;
				INFOPLIST_KEY_UISupportedInterfaceOrientations_iPad = "UIInterfaceOrientationPortrait UIInterfaceOrientationPortraitUpsideDown UIInterfaceOrientationLandscapeLeft UIInterfaceOrientationLandscapeRight";
				INFOPLIST_KEY_UISupportedInterfaceOrientations_iPhone = "UIInterfaceOrientationPortrait UIInterfaceOrientationLandscapeLeft UIInterfaceOrientationLandscapeRight";
				LD_RUNPATH_SEARCH_PATHS = (
					"$(inherited)",
					"@executable_path/Frameworks",
				);
				MARKETING_VERSION = 1.0;
				PRODUCT_BUNDLE_IDENTIFIER = com.nilshoenson.MapAnnotation;
				PRODUCT_NAME = "$(TARGET_NAME)";
				SWIFT_EMIT_LOC_STRINGS = YES;
				SWIFT_VERSION = 5.0;
				TARGETED_DEVICE_FAMILY = "1,2";
			};
			name = Debug;
		};
		CB14363C2A653F5400942DBF /* Release */ = {
			isa = XCBuildConfiguration;
			buildSettings = {
				ASSETCATALOG_COMPILER_APPICON_NAME = AppIcon;
				ASSETCATALOG_COMPILER_GLOBAL_ACCENT_COLOR_NAME = AccentColor;
				CODE_SIGN_STYLE = Automatic;
				CURRENT_PROJECT_VERSION = 1;
				DEVELOPMENT_ASSET_PATHS = "\"MapAnnotation/Preview Content\"";
				DEVELOPMENT_TEAM = 8GBYS572XW;
				ENABLE_PREVIEWS = YES;
				GENERATE_INFOPLIST_FILE = YES;
				INFOPLIST_KEY_UIApplicationSceneManifest_Generation = YES;
				INFOPLIST_KEY_UIApplicationSupportsIndirectInputEvents = YES;
				INFOPLIST_KEY_UILaunchScreen_Generation = YES;
				INFOPLIST_KEY_UISupportedInterfaceOrientations_iPad = "UIInterfaceOrientationPortrait UIInterfaceOrientationPortraitUpsideDown UIInterfaceOrientationLandscapeLeft UIInterfaceOrientationLandscapeRight";
				INFOPLIST_KEY_UISupportedInterfaceOrientations_iPhone = "UIInterfaceOrientationPortrait UIInterfaceOrientationLandscapeLeft UIInterfaceOrientationLandscapeRight";
				LD_RUNPATH_SEARCH_PATHS = (
					"$(inherited)",
					"@executable_path/Frameworks",
				);
				MARKETING_VERSION = 1.0;
				PRODUCT_BUNDLE_IDENTIFIER = com.nilshoenson.MapAnnotation;
				PRODUCT_NAME = "$(TARGET_NAME)";
				SWIFT_EMIT_LOC_STRINGS = YES;
				SWIFT_VERSION = 5.0;
				TARGETED_DEVICE_FAMILY = "1,2";
			};
			name = Release;
		};
		CB14363E2A653F5400942DBF /* Debug */ = {
			isa = XCBuildConfiguration;
			buildSettings = {
				ALWAYS_EMBED_SWIFT_STANDARD_LIBRARIES = YES;
				BUNDLE_LOADER = "$(TEST_HOST)";
				CODE_SIGN_STYLE = Automatic;
				CURRENT_PROJECT_VERSION = 1;
				DEVELOPMENT_TEAM = 8GBYS572XW;
				GENERATE_INFOPLIST_FILE = YES;
				IPHONEOS_DEPLOYMENT_TARGET = 16.4;
				MARKETING_VERSION = 1.0;
				PRODUCT_BUNDLE_IDENTIFIER = com.nilshoenson.MapAnnotationTests;
				PRODUCT_NAME = "$(TARGET_NAME)";
				SWIFT_EMIT_LOC_STRINGS = NO;
				SWIFT_VERSION = 5.0;
				TARGETED_DEVICE_FAMILY = "1,2";
				TEST_HOST = "$(BUILT_PRODUCTS_DIR)/MapAnnotation.app/$(BUNDLE_EXECUTABLE_FOLDER_PATH)/MapAnnotation";
			};
			name = Debug;
		};
		CB14363F2A653F5400942DBF /* Release */ = {
			isa = XCBuildConfiguration;
			buildSettings = {
				ALWAYS_EMBED_SWIFT_STANDARD_LIBRARIES = YES;
				BUNDLE_LOADER = "$(TEST_HOST)";
				CODE_SIGN_STYLE = Automatic;
				CURRENT_PROJECT_VERSION = 1;
				DEVELOPMENT_TEAM = 8GBYS572XW;
				GENERATE_INFOPLIST_FILE = YES;
				IPHONEOS_DEPLOYMENT_TARGET = 16.4;
				MARKETING_VERSION = 1.0;
				PRODUCT_BUNDLE_IDENTIFIER = com.nilshoenson.MapAnnotationTests;
				PRODUCT_NAME = "$(TARGET_NAME)";
				SWIFT_EMIT_LOC_STRINGS = NO;
				SWIFT_VERSION = 5.0;
				TARGETED_DEVICE_FAMILY = "1,2";
				TEST_HOST = "$(BUILT_PRODUCTS_DIR)/MapAnnotation.app/$(BUNDLE_EXECUTABLE_FOLDER_PATH)/MapAnnotation";
			};
			name = Release;
		};
		CB1436412A653F5400942DBF /* Debug */ = {
			isa = XCBuildConfiguration;
			buildSettings = {
				ALWAYS_EMBED_SWIFT_STANDARD_LIBRARIES = YES;
				CODE_SIGN_STYLE = Automatic;
				CURRENT_PROJECT_VERSION = 1;
				DEVELOPMENT_TEAM = 8GBYS572XW;
				GENERATE_INFOPLIST_FILE = YES;
				MARKETING_VERSION = 1.0;
				PRODUCT_BUNDLE_IDENTIFIER = com.nilshoenson.MapAnnotationUITests;
				PRODUCT_NAME = "$(TARGET_NAME)";
				SWIFT_EMIT_LOC_STRINGS = NO;
				SWIFT_VERSION = 5.0;
				TARGETED_DEVICE_FAMILY = "1,2";
				TEST_TARGET_NAME = MapAnnotation;
			};
			name = Debug;
		};
		CB1436422A653F5400942DBF /* Release */ = {
			isa = XCBuildConfiguration;
			buildSettings = {
				ALWAYS_EMBED_SWIFT_STANDARD_LIBRARIES = YES;
				CODE_SIGN_STYLE = Automatic;
				CURRENT_PROJECT_VERSION = 1;
				DEVELOPMENT_TEAM = 8GBYS572XW;
				GENERATE_INFOPLIST_FILE = YES;
				MARKETING_VERSION = 1.0;
				PRODUCT_BUNDLE_IDENTIFIER = com.nilshoenson.MapAnnotationUITests;
				PRODUCT_NAME = "$(TARGET_NAME)";
				SWIFT_EMIT_LOC_STRINGS = NO;
				SWIFT_VERSION = 5.0;
				TARGETED_DEVICE_FAMILY = "1,2";
				TEST_TARGET_NAME = MapAnnotation;
			};
			name = Release;
		};
/* End XCBuildConfiguration section */

/* Begin XCConfigurationList section */
		CB1436112A653F5300942DBF /* Build configuration list for PBXProject "MapAnnotation" */ = {
			isa = XCConfigurationList;
			buildConfigurations = (
				CB1436382A653F5400942DBF /* Debug */,
				CB1436392A653F5400942DBF /* Release */,
			);
			defaultConfigurationIsVisible = 0;
			defaultConfigurationName = Release;
		};
		CB14363A2A653F5400942DBF /* Build configuration list for PBXNativeTarget "MapAnnotation" */ = {
			isa = XCConfigurationList;
			buildConfigurations = (
				CB14363B2A653F5400942DBF /* Debug */,
				CB14363C2A653F5400942DBF /* Release */,
			);
			defaultConfigurationIsVisible = 0;
			defaultConfigurationName = Release;
		};
		CB14363D2A653F5400942DBF /* Build configuration list for PBXNativeTarget "MapAnnotationTests" */ = {
			isa = XCConfigurationList;
			buildConfigurations = (
				CB14363E2A653F5400942DBF /* Debug */,
				CB14363F2A653F5400942DBF /* Release */,
			);
			defaultConfigurationIsVisible = 0;
			defaultConfigurationName = Release;
		};
		CB1436402A653F5400942DBF /* Build configuration list for PBXNativeTarget "MapAnnotationUITests" */ = {
			isa = XCConfigurationList;
			buildConfigurations = (
				CB1436412A653F5400942DBF /* Debug */,
				CB1436422A653F5400942DBF /* Release */,
			);
			defaultConfigurationIsVisible = 0;
			defaultConfigurationName = Release;
		};
/* End XCConfigurationList section */
	};
	rootObject = CB14360E2A653F5300942DBF /* Project object */;
}
